
Microsoft Visual Studio Solution File, Format Version 12.00
# Visual Studio Version 17
VisualStudioVersion = 17.0.32112.339
MinimumVisualStudioVersion = 10.0.40219.1
Project("{FAE04EC0-301F-11D3-BF4B-00C04F79EFBC}") = "每日一卦", "每日一卦\每日一卦.csproj", "{58EDE5E8-719E-40CC-B391-53AC056AA46A}"
EndProject
Global
	GlobalSection(SolutionConfigurationPlatforms) = preSolution
		Debug|Any CPU = Debug|Any CPU
		Release|Any CPU = Release|Any CPU
	EndGlobalSection
	GlobalSection(ProjectConfigurationPlatforms) = postSolution
		{58EDE5E8-719E-40CC-B391-53AC056AA46A}.Debug|Any CPU.ActiveCfg = Debug|Any CPU
		{58EDE5E8-719E-40CC-B391-53AC056AA46A}.Debug|Any CPU.Build.0 = Debug|Any CPU
		{58EDE5E8-719E-40CC-B391-53AC056AA46A}.Release|Any CPU.ActiveCfg = Release|Any CPU
		{58EDE5E8-719E-40CC-B391-53AC056AA46A}.Release|Any CPU.Build.0 = Release|Any CPU
	EndGlobalSection
	GlobalSection(SolutionProperties) = preSolution
		HideSolutionNode = FALSE
	EndGlobalSection
	GlobalSection(ExtensibilityGlobals) = postSolution
		SolutionGuid = {9BB7F7A3-C99D-4BD6-B5CD-47FD3CF8F908}
	EndGlobalSection
EndGlobal
